
Microsoft Visual Studio Solution File, Format Version 12.00
# Visual Studio Version 17
VisualStudioVersion = 17.9.34714.143
MinimumVisualStudioVersion = 10.0.40219.1
Project("{FAE04EC0-301F-11D3-BF4B-00C04F79EFBC}") = "CargoShipLoader", "CargoShipLoader.csproj", "{507A146E-4881-4ADA-A8F4-BDE15A97965C}"
EndProject
Global
	GlobalSection(SolutionConfigurationPlatforms) = preSolution
		Debug|Any CPU = Debug|Any CPU
		Release|Any CPU = Release|Any CPU
	EndGlobalSection
	GlobalSection(ProjectConfigurationPlatforms) = postSolution
		{507A146E-4881-4ADA-A8F4-BDE15A97965C}.Debug|Any CPU.ActiveCfg = Debug|Any CPU
		{507A146E-4881-4ADA-A8F4-BDE15A97965C}.Debug|Any CPU.Build.0 = Debug|Any CPU
		{507A146E-4881-4ADA-A8F4-BDE15A97965C}.Release|Any CPU.ActiveCfg = Release|Any CPU
		{507A146E-4881-4ADA-A8F4-BDE15A97965C}.Release|Any CPU.Build.0 = Release|Any CPU
	EndGlobalSection
	GlobalSection(SolutionProperties) = preSolution
		HideSolutionNode = FALSE
	EndGlobalSection
	GlobalSection(ExtensibilityGlobals) = postSolution
		SolutionGuid = {95453BF2-34FE-418F-A4C7-1695B4207E19}
	EndGlobalSection
EndGlobal
